
Microsoft Visual Studio Solution File, Format Version 12.00
# Visual Studio Version 17
VisualStudioVersion = 17.9.34622.214
MinimumVisualStudioVersion = 10.0.40219.1
Project("{FAE04EC0-301F-11D3-BF4B-00C04F79EFBC}") = "pruebita1", "pruebita1.csproj", "{0E34E5E2-4F51-4613-99E0-02BEE9DCC380}"
EndProject
Global
	GlobalSection(SolutionConfigurationPlatforms) = preSolution
		Debug|Any CPU = Debug|Any CPU
		Release|Any CPU = Release|Any CPU
	EndGlobalSection
	GlobalSection(ProjectConfigurationPlatforms) = postSolution
		{0E34E5E2-4F51-4613-99E0-02BEE9DCC380}.Debug|Any CPU.ActiveCfg = Debug|Any CPU
		{0E34E5E2-4F51-4613-99E0-02BEE9DCC380}.Debug|Any CPU.Build.0 = Debug|Any CPU
		{0E34E5E2-4F51-4613-99E0-02BEE9DCC380}.Release|Any CPU.ActiveCfg = Release|Any CPU
		{0E34E5E2-4F51-4613-99E0-02BEE9DCC380}.Release|Any CPU.Build.0 = Release|Any CPU
	EndGlobalSection
	GlobalSection(SolutionProperties) = preSolution
		HideSolutionNode = FALSE
	EndGlobalSection
	GlobalSection(ExtensibilityGlobals) = postSolution
		SolutionGuid = {3CDD2C82-E2D6-44B1-A72F-36CFED218E66}
	EndGlobalSection
EndGlobal
